
Microsoft Visual Studio Solution File, Format Version 12.00
# Visual Studio Version 16
VisualStudioVersion = 16.0.30907.101
MinimumVisualStudioVersion = 10.0.40219.1
Project("{FAE04EC0-301F-11D3-BF4B-00C04F79EFBC}") = "UpotrebaStreamWriterObjekta", "UpotrebaStreamWriterObjekta\UpotrebaStreamWriterObjekta.csproj", "{1C9308F8-CEFB-4A8B-9933-ABCB75CD9F0E}"
EndProject
Global
	GlobalSection(SolutionConfigurationPlatforms) = preSolution
		Debug|Any CPU = Debug|Any CPU
		Release|Any CPU = Release|Any CPU
	EndGlobalSection
	GlobalSection(ProjectConfigurationPlatforms) = postSolution
		{1C9308F8-CEFB-4A8B-9933-ABCB75CD9F0E}.Debug|Any CPU.ActiveCfg = Debug|Any CPU
		{1C9308F8-CEFB-4A8B-9933-ABCB75CD9F0E}.Debug|Any CPU.Build.0 = Debug|Any CPU
		{1C9308F8-CEFB-4A8B-9933-ABCB75CD9F0E}.Release|Any CPU.ActiveCfg = Release|Any CPU
		{1C9308F8-CEFB-4A8B-9933-ABCB75CD9F0E}.Release|Any CPU.Build.0 = Release|Any CPU
	EndGlobalSection
	GlobalSection(SolutionProperties) = preSolution
		HideSolutionNode = FALSE
	EndGlobalSection
	GlobalSection(ExtensibilityGlobals) = postSolution
		SolutionGuid = {BECF090A-7259-475F-AFF0-0AC65300F933}
	EndGlobalSection
EndGlobal
